
Microsoft Visual Studio Solution File, Format Version 12.00
# Visual Studio Version 16
VisualStudioVersion = 16.0.31105.61
MinimumVisualStudioVersion = 10.0.40219.1
Project("{FAE04EC0-301F-11D3-BF4B-00C04F79EFBC}") = "04_04", "04_04\04_04.csproj", "{DC533973-7318-4AC1-AADC-275589C21DD7}"
EndProject
Global
	GlobalSection(SolutionConfigurationPlatforms) = preSolution
		Debug|Any CPU = Debug|Any CPU
		Release|Any CPU = Release|Any CPU
	EndGlobalSection
	GlobalSection(ProjectConfigurationPlatforms) = postSolution
		{DC533973-7318-4AC1-AADC-275589C21DD7}.Debug|Any CPU.ActiveCfg = Debug|Any CPU
		{DC533973-7318-4AC1-AADC-275589C21DD7}.Debug|Any CPU.Build.0 = Debug|Any CPU
		{DC533973-7318-4AC1-AADC-275589C21DD7}.Release|Any CPU.ActiveCfg = Release|Any CPU
		{DC533973-7318-4AC1-AADC-275589C21DD7}.Release|Any CPU.Build.0 = Release|Any CPU
	EndGlobalSection
	GlobalSection(SolutionProperties) = preSolution
		HideSolutionNode = FALSE
	EndGlobalSection
	GlobalSection(ExtensibilityGlobals) = postSolution
		SolutionGuid = {F388DF9F-07B4-4743-ADF7-ACC963A9781B}
	EndGlobalSection
EndGlobal
